<?xml version="1.0" encoding="utf-8"?>
<Project ToolsVersion="4.0" xmlns="http://schemas.microsoft.com/developer/msbuild/2003">
  <ItemGroup>
    <ApplicationDefinition Include="App.xaml" />
  </ItemGroup>
  <ItemGroup>
    <Page Include="MainWindow.xaml" />
    <Page Include="HomePage.xaml">
      <Filter>pages</Filter>
    </Page>
    <Page Include="WordSearchResultPage.xaml">
      <Filter>pages</Filter>
    </Page>
    <Page Include="WordSearchResultList.xaml">
      <Filter>views</Filter>
    </Page>
    <Page Include="WordDetails.xaml">
      <Filter>views</Filter>
    </Page>
    <Page Include="HistoryPage.xaml">
      <Filter>pages</Filter>
    </Page>
    <Page Include="SettingsPage.xaml">
      <Filter>pages</Filter>
    </Page>
    <Page Include="FavoritePage.xaml">
      <Filter>pages</Filter>
    </Page>
    <Page Include="Button.xaml">
      <Filter>others\Styles</Filter>
    </Page>
    <Page Include="DictionarySettingsPage.xaml" />
    <Page Include="GeneralSettingsPage.xaml" />
  </ItemGroup>
  <ItemGroup>
    <Midl Include="MainWindow.idl" />
    <Midl Include="WordItem.idl">
      <Filter>dataModels\WordItem</Filter>
    </Midl>
    <Midl Include="WordSearch.idl">
      <Filter>modules\WordSearch</Filter>
    </Midl>
    <Midl Include="DictionaryItemInWordDetail.idl">
      <Filter>dataModels\DictionaryItemInWordDetail</Filter>
    </Midl>
  </ItemGroup>
  <ItemGroup>
    <ClCompile Include="pch.cpp" />
    <ClCompile Include="$(GeneratedFilesDir)module.g.cpp" />
    <ClCompile Include="NavigationService.cpp">
      <Filter>services</Filter>
    </ClCompile>
    <ClCompile Include="logger.cpp">
      <Filter>services</Filter>
    </ClCompile>
    <ClCompile Include="WordItem.cpp">
      <Filter>dataModels\WordItem</Filter>
    </ClCompile>
    <ClCompile Include="WordSearch.cpp">
      <Filter>modules\WordSearch</Filter>
    </ClCompile>
    <ClCompile Include="database.cpp">
      <Filter>services\Database</Filter>
    </ClCompile>
    <ClCompile Include="FilePathProvider.cpp">
      <Filter>services\Database</Filter>
    </ClCompile>
    <ClCompile Include="SettingsData.cpp">
      <Filter>services\Database</Filter>
    </ClCompile>
    <ClCompile Include="DictionaryItemInWordDetail.cpp">
      <Filter>dataModels\DictionaryItemInWordDetail</Filter>
    </ClCompile>
  </ItemGroup>
  <ItemGroup>
    <ClInclude Include="pch.h" />
    <ClInclude Include="NavigationService.h">
      <Filter>services</Filter>
    </ClInclude>
    <ClInclude Include="logger.h">
      <Filter>services</Filter>
    </ClInclude>
    <ClInclude Include="WordItem.h">
      <Filter>dataModels\WordItem</Filter>
    </ClInclude>
    <ClInclude Include="WordSearch.h">
      <Filter>modules\WordSearch</Filter>
    </ClInclude>
    <ClInclude Include="FilePathProvider.h">
      <Filter>services\Database</Filter>
    </ClInclude>
    <ClInclude Include="SettingsData.h">
      <Filter>services\Database</Filter>
    </ClInclude>
    <ClInclude Include="DictionaryItemInWordDetail.h">
      <Filter>dataModels\DictionaryItemInWordDetail</Filter>
    </ClInclude>
  </ItemGroup>
  <ItemGroup>
    <Image Include="Assets\ArtWorks\df6b6a852f2d0e5ee1e264236e82b9d2_385285744710158316.jpg">
      <Filter>Assets\ArtWorks</Filter>
    </Image>
    <Image Include="Assets\ArtWorks\c68572fb477372ac6163295b7a0a7bb73493090700560683.jpg">
      <Filter>Assets\ArtWorks</Filter>
    </Image>
    <Image Include="Assets\ArtWorks\d4c31bd0260dac01a76f46ec17883b02_3912538206445877688.png">
      <Filter>Assets\ArtWorks</Filter>
    </Image>
    <Image Include="Assets\BadgeLogo.scale-100.png">
      <Filter>Assets\Logo</Filter>
    </Image>
    <Image Include="Assets\BadgeLogo.scale-125.png">
      <Filter>Assets\Logo</Filter>
    </Image>
    <Image Include="Assets\BadgeLogo.scale-150.png">
      <Filter>Assets\Logo</Filter>
    </Image>
    <Image Include="Assets\BadgeLogo.scale-200.png">
      <Filter>Assets\Logo</Filter>
    </Image>
    <Image Include="Assets\BadgeLogo.scale-400.png">
      <Filter>Assets\Logo</Filter>
    </Image>
    <Image Include="Assets\LargeTile.scale-100.png">
      <Filter>Assets\Logo</Filter>
    </Image>
    <Image Include="Assets\LargeTile.scale-125.png">
      <Filter>Assets\Logo</Filter>
    </Image>
    <Image Include="Assets\LargeTile.scale-150.png">
      <Filter>Assets\Logo</Filter>
    </Image>
    <Image Include="Assets\LargeTile.scale-200.png">
      <Filter>Assets\Logo</Filter>
    </Image>
    <Image Include="Assets\LargeTile.scale-400.png">
      <Filter>Assets\Logo</Filter>
    </Image>
    <Image Include="Assets\LockScreenLogo.scale-200.png">
      <Filter>Assets\Logo</Filter>
    </Image>
    <Image Include="Logo.png">
      <Filter>Assets\Logo</Filter>
    </Image>
    <Image Include="Assets\SmallTile.scale-100.png">
      <Filter>Assets\Logo</Filter>
    </Image>
    <Image Include="Assets\SmallTile.scale-125.png">
      <Filter>Assets\Logo</Filter>
    </Image>
    <Image Include="Assets\SmallTile.scale-150.png">
      <Filter>Assets\Logo</Filter>
    </Image>
    <Image Include="Assets\SmallTile.scale-200.png">
      <Filter>Assets\Logo</Filter>
    </Image>
    <Image Include="Assets\SmallTile.scale-400.png">
      <Filter>Assets\Logo</Filter>
    </Image>
    <Image Include="Assets\SplashScreen.scale-100.png">
      <Filter>Assets\Logo</Filter>
    </Image>
    <Image Include="Assets\SplashScreen.scale-125.png">
      <Filter>Assets\Logo</Filter>
    </Image>
    <Image Include="Assets\SplashScreen.scale-150.png">
      <Filter>Assets\Logo</Filter>
    </Image>
    <Image Include="Assets\SplashScreen.scale-200.png">
      <Filter>Assets\Logo</Filter>
    </Image>
    <Image Include="Assets\SplashScreen.scale-400.png">
      <Filter>Assets\Logo</Filter>
    </Image>
    <Image Include="Assets\Square44x44Logo.altform-lightunplated_targetsize-16.png">
      <Filter>Assets\Logo</Filter>
    </Image>
    <Image Include="Assets\Square44x44Logo.altform-lightunplated_targetsize-24.png">
      <Filter>Assets\Logo</Filter>
    </Image>
    <Image Include="Assets\Square44x44Logo.altform-lightunplated_targetsize-32.png">
      <Filter>Assets\Logo</Filter>
    </Image>
    <Image Include="Assets\Square44x44Logo.altform-lightunplated_targetsize-48.png">
      <Filter>Assets\Logo</Filter>
    </Image>
    <Image Include="Assets\Square44x44Logo.altform-lightunplated_targetsize-256.png">
      <Filter>Assets\Logo</Filter>
    </Image>
    <Image Include="Assets\Square44x44Logo.altform-unplated_targetsize-16.png">
      <Filter>Assets\Logo</Filter>
    </Image>
    <Image Include="Assets\Square44x44Logo.altform-unplated_targetsize-32.png">
      <Filter>Assets\Logo</Filter>
    </Image>
    <Image Include="Assets\Square44x44Logo.altform-unplated_targetsize-48.png">
      <Filter>Assets\Logo</Filter>
    </Image>
    <Image Include="Assets\Square44x44Logo.altform-unplated_targetsize-256.png">
      <Filter>Assets\Logo</Filter>
    </Image>
    <Image Include="Assets\Square44x44Logo.scale-100.png">
      <Filter>Assets\Logo</Filter>
    </Image>
    <Image Include="Assets\Square44x44Logo.scale-125.png">
      <Filter>Assets\Logo</Filter>
    </Image>
    <Image Include="Assets\Square44x44Logo.scale-150.png">
      <Filter>Assets\Logo</Filter>
    </Image>
    <Image Include="Assets\Square44x44Logo.scale-200.png">
      <Filter>Assets\Logo</Filter>
    </Image>
    <Image Include="Assets\Square44x44Logo.scale-400.png">
      <Filter>Assets\Logo</Filter>
    </Image>
    <Image Include="Assets\Square44x44Logo.targetsize-16.png">
      <Filter>Assets\Logo</Filter>
    </Image>
    <Image Include="Assets\Square44x44Logo.targetsize-24.png">
      <Filter>Assets\Logo</Filter>
    </Image>
    <Image Include="Assets\Square44x44Logo.targetsize-24_altform-unplated.png">
      <Filter>Assets\Logo</Filter>
    </Image>
    <Image Include="Assets\Square44x44Logo.targetsize-32.png">
      <Filter>Assets\Logo</Filter>
    </Image>
    <Image Include="Assets\Square44x44Logo.targetsize-48.png">
      <Filter>Assets\Logo</Filter>
    </Image>
    <Image Include="Assets\Square44x44Logo.targetsize-256.png">
      <Filter>Assets\Logo</Filter>
    </Image>
    <Image Include="Assets\Square150x150Logo.scale-100.png">
      <Filter>Assets\Logo</Filter>
    </Image>
    <Image Include="Assets\Square150x150Logo.scale-125.png">
      <Filter>Assets\Logo</Filter>
    </Image>
    <Image Include="Assets\Square150x150Logo.scale-150.png">
      <Filter>Assets\Logo</Filter>
    </Image>
    <Image Include="Assets\Square150x150Logo.scale-200.png">
      <Filter>Assets\Logo</Filter>
    </Image>
    <Image Include="Assets\Square150x150Logo.scale-400.png">
      <Filter>Assets\Logo</Filter>
    </Image>
    <Image Include="StoreLogo.png">
      <Filter>Assets\Logo</Filter>
    </Image>
    <Image Include="Assets\StoreLogo.scale-100.png">
      <Filter>Assets\Logo</Filter>
    </Image>
    <Image Include="Assets\StoreLogo.scale-125.png">
      <Filter>Assets\Logo</Filter>
    </Image>
    <Image Include="Assets\StoreLogo.scale-150.png">
      <Filter>Assets\Logo</Filter>
    </Image>
    <Image Include="Assets\StoreLogo.scale-200.png">
      <Filter>Assets\Logo</Filter>
    </Image>
    <Image Include="Assets\StoreLogo.scale-400.png">
      <Filter>Assets\Logo</Filter>
    </Image>
    <Image Include="Assets\Wide310x150Logo.scale-100.png">
      <Filter>Assets\Logo</Filter>
    </Image>
    <Image Include="Assets\Wide310x150Logo.scale-125.png">
      <Filter>Assets\Logo</Filter>
    </Image>
    <Image Include="Assets\Wide310x150Logo.scale-150.png">
      <Filter>Assets\Logo</Filter>
    </Image>
    <Image Include="Assets\Wide310x150Logo.scale-200.png">
      <Filter>Assets\Logo</Filter>
    </Image>
    <Image Include="Assets\Wide310x150Logo.scale-400.png">
      <Filter>Assets\Logo</Filter>
    </Image>
    <Image Include="Assets\Logos\Gemini_Generated_Image_rqzbvgrqzbvgrqzb.png">
      <Filter>Assets\Logo</Filter>
    </Image>
  </ItemGroup>
  <ItemGroup>
    <Filter Include="Assets">
      <UniqueIdentifier>{400df3b1-2613-4676-b998-8456051b160b}</UniqueIdentifier>
    </Filter>
    <Filter Include="pages">
      <UniqueIdentifier>{797693e3-f0dd-4311-a88f-50048b319eb3}</UniqueIdentifier>
    </Filter>
    <Filter Include="services">
      <UniqueIdentifier>{c80df87f-c760-48c3-b2b8-a5354fd82a27}</UniqueIdentifier>
    </Filter>
    <Filter Include="views">
      <UniqueIdentifier>{9a366363-aa9e-49af-b94c-c9c9f0e6d671}</UniqueIdentifier>
    </Filter>
    <Filter Include="dataModels">
      <UniqueIdentifier>{071e3260-1179-4121-9701-6442780627dd}</UniqueIdentifier>
    </Filter>
    <Filter Include="dataModels\WordItem">
      <UniqueIdentifier>{6aab73bc-d2fc-43c0-abf9-868b51ce1257}</UniqueIdentifier>
    </Filter>
    <Filter Include="modules">
      <UniqueIdentifier>{268d6a2f-5b6c-49e5-ae55-1c2f5ff24cfe}</UniqueIdentifier>
    </Filter>
    <Filter Include="modules\WordSearch">
      <UniqueIdentifier>{83af1190-eb87-420b-8bf1-abacb12b9465}</UniqueIdentifier>
    </Filter>
    <Filter Include="Assets\ArtWorks">
      <UniqueIdentifier>{d7340e83-b95b-4731-aca2-4203d13579b4}</UniqueIdentifier>
    </Filter>
    <Filter Include="others">
      <UniqueIdentifier>{dfbb8d6f-da7c-416d-b30a-23036aade32c}</UniqueIdentifier>
    </Filter>
    <Filter Include="others\Styles">
      <UniqueIdentifier>{71c367fd-1d1b-4efb-853b-a7bbb8cf5575}</UniqueIdentifier>
    </Filter>
    <Filter Include="Assets\Logo">
      <UniqueIdentifier>{9ec57027-a5f8-41ed-bb4f-e029c7542bc8}</UniqueIdentifier>
    </Filter>
    <Filter Include="services\Database">
      <UniqueIdentifier>{dca91415-7da1-428b-895d-f88b4f2b333c}</UniqueIdentifier>
    </Filter>
    <Filter Include="dataModels\HistoryPackages">
      <UniqueIdentifier>{a062ea97-0024-48bc-beff-251144c6cd78}</UniqueIdentifier>
    </Filter>
    <Filter Include="dataModels\DictionaryItemInWordDetail">
      <UniqueIdentifier>{36c27601-ff0a-4396-a683-74b32d89f464}</UniqueIdentifier>
    </Filter>
    <Filter Include="modules\AI">
      <UniqueIdentifier>{9d1c8ce1-edc3-4cfd-a37b-ff8d8bf7ecc3}</UniqueIdentifier>
    </Filter>
  </ItemGroup>
  <ItemGroup>
    <Text Include="readme.txt" />
  </ItemGroup>
  <ItemGroup>
    <Manifest Include="app.manifest" />
  </ItemGroup>
  <ItemGroup>
    <AppxManifest Include="Package.appxmanifest" />
  </ItemGroup>
  <ItemGroup>
    <None Include="packages.config" />
    <None Include="WordWiz_TemporaryKey.pfx" />
  </ItemGroup>
  <ItemGroup>
    <Natvis Include="$(MSBuildThisFileDirectory)..\..\natvis\wil.natvis" />
    <Natvis Include="$(MSBuildThisFileDirectory)..\..\natvis\wil.natstepfilter" />
  </ItemGroup>
</Project>