<?xml version="1.0" encoding="utf-8"?>
<Project ToolsVersion="4.0" xmlns="http://schemas.microsoft.com/developer/msbuild/2003">
  <ItemGroup>
    <ApplicationDefinition Include="App.xaml" />
  </ItemGroup>
  <ItemGroup>
    <Page Include="MainWindow.xaml" />
    <Page Include="HomePage.xaml">
      <Filter>pages</Filter>
    </Page>
    <Page Include="WordSearchResultPage.xaml">
      <Filter>pages</Filter>
    </Page>
    <Page Include="WordSearchResultList.xaml">
      <Filter>views</Filter>
    </Page>
    <Page Include="WordDetails.xaml">
      <Filter>views</Filter>
    </Page>
  </ItemGroup>
  <ItemGroup>
    <Midl Include="MainWindow.idl" />
    <Midl Include="WordItem.idl">
      <Filter>dataModels\WordItem</Filter>
    </Midl>
    <Midl Include="WordSearch.idl">
      <Filter>modules\WordSearch</Filter>
    </Midl>
  </ItemGroup>
  <ItemGroup>
    <ClCompile Include="pch.cpp" />
    <ClCompile Include="$(GeneratedFilesDir)module.g.cpp" />
    <ClCompile Include="NavigationService.cpp">
      <Filter>services</Filter>
    </ClCompile>
    <ClCompile Include="logger.cpp">
      <Filter>services</Filter>
    </ClCompile>
    <ClCompile Include="WordItem.cpp">
      <Filter>dataModels\WordItem</Filter>
    </ClCompile>
    <ClCompile Include="WordSearch.cpp">
      <Filter>modules\WordSearch</Filter>
    </ClCompile>
  </ItemGroup>
  <ItemGroup>
    <ClInclude Include="pch.h" />
    <ClInclude Include="NavigationService.h">
      <Filter>services</Filter>
    </ClInclude>
    <ClInclude Include="logger.h">
      <Filter>services</Filter>
    </ClInclude>
    <ClInclude Include="WordItem.h">
      <Filter>dataModels\WordItem</Filter>
    </ClInclude>
    <ClInclude Include="WordSearch.h">
      <Filter>modules\WordSearch</Filter>
    </ClInclude>
  </ItemGroup>
  <ItemGroup>
    <Image Include="Assets\Wide310x150Logo.scale-200.png">
      <Filter>Assets</Filter>
    </Image>
    <Image Include="Assets\Square150x150Logo.scale-200.png">
      <Filter>Assets</Filter>
    </Image>
    <Image Include="Assets\Square44x44Logo.targetsize-24_altform-unplated.png">
      <Filter>Assets</Filter>
    </Image>
    <Image Include="Assets\Square44x44Logo.scale-200.png">
      <Filter>Assets</Filter>
    </Image>
    <Image Include="Assets\SplashScreen.scale-200.png">
      <Filter>Assets</Filter>
    </Image>
    <Image Include="Assets\LockScreenLogo.scale-200.png">
      <Filter>Assets</Filter>
    </Image>
    <Image Include="Logo.png">
      <Filter>Assets</Filter>
    </Image>
    <Image Include="StoreLogo.png">
      <Filter>Assets</Filter>
    </Image>
  </ItemGroup>
  <ItemGroup>
    <Filter Include="Assets">
      <UniqueIdentifier>{400df3b1-2613-4676-b998-8456051b160b}</UniqueIdentifier>
    </Filter>
    <Filter Include="pages">
      <UniqueIdentifier>{797693e3-f0dd-4311-a88f-50048b319eb3}</UniqueIdentifier>
    </Filter>
    <Filter Include="services">
      <UniqueIdentifier>{c80df87f-c760-48c3-b2b8-a5354fd82a27}</UniqueIdentifier>
    </Filter>
    <Filter Include="views">
      <UniqueIdentifier>{9a366363-aa9e-49af-b94c-c9c9f0e6d671}</UniqueIdentifier>
    </Filter>
    <Filter Include="dataModels">
      <UniqueIdentifier>{071e3260-1179-4121-9701-6442780627dd}</UniqueIdentifier>
    </Filter>
    <Filter Include="dataModels\WordItem">
      <UniqueIdentifier>{6aab73bc-d2fc-43c0-abf9-868b51ce1257}</UniqueIdentifier>
    </Filter>
    <Filter Include="modules">
      <UniqueIdentifier>{268d6a2f-5b6c-49e5-ae55-1c2f5ff24cfe}</UniqueIdentifier>
    </Filter>
    <Filter Include="modules\WordSearch">
      <UniqueIdentifier>{83af1190-eb87-420b-8bf1-abacb12b9465}</UniqueIdentifier>
    </Filter>
  </ItemGroup>
  <ItemGroup>
    <Text Include="readme.txt" />
  </ItemGroup>
  <ItemGroup>
    <Manifest Include="app.manifest" />
  </ItemGroup>
  <ItemGroup>
    <AppxManifest Include="Package.appxmanifest" />
  </ItemGroup>
  <ItemGroup>
    <None Include="packages.config" />
  </ItemGroup>
  <ItemGroup>
    <Natvis Include="$(MSBuildThisFileDirectory)..\..\natvis\wil.natvis" />
    <Natvis Include="$(MSBuildThisFileDirectory)..\..\natvis\wil.natstepfilter" />
  </ItemGroup>
</Project>